
Microsoft Visual Studio Solution File, Format Version 12.00
# Visual Studio 15
VisualStudioVersion = 15.0.27130.2024
MinimumVisualStudioVersion = 10.0.40219.1
Project("{FAE04EC0-301F-11D3-BF4B-00C04F79EFBC}") = "MemoBird_GuGu", "MemoBird_GuGu\MemoBird_GuGu.csproj", "{C85488A0-BB15-4026-B195-C706FF23B557}"
EndProject
Global
	GlobalSection(SolutionConfigurationPlatforms) = preSolution
		Debug|Any CPU = Debug|Any CPU
		Release|Any CPU = Release|Any CPU
	EndGlobalSection
	GlobalSection(ProjectConfigurationPlatforms) = postSolution
		{C85488A0-BB15-4026-B195-C706FF23B557}.Debug|Any CPU.ActiveCfg = Debug|Any CPU
		{C85488A0-BB15-4026-B195-C706FF23B557}.Debug|Any CPU.Build.0 = Debug|Any CPU
		{C85488A0-BB15-4026-B195-C706FF23B557}.Release|Any CPU.ActiveCfg = Release|Any CPU
		{C85488A0-BB15-4026-B195-C706FF23B557}.Release|Any CPU.Build.0 = Release|Any CPU
	EndGlobalSection
	GlobalSection(SolutionProperties) = preSolution
		HideSolutionNode = FALSE
	EndGlobalSection
	GlobalSection(ExtensibilityGlobals) = postSolution
		SolutionGuid = {A0DB144C-D0F6-4656-AD94-D59D0AD3E9E0}
	EndGlobalSection
EndGlobal
